
Microsoft Visual Studio Solution File, Format Version 12.00
# Visual Studio Version 16
VisualStudioVersion = 16.0.29613.14
MinimumVisualStudioVersion = 10.0.40219.1
Project("{FAE04EC0-301F-11D3-BF4B-00C04F79EFBC}") = "ASPNET_CORE", "ASPNET_CORE\ASPNET_CORE.csproj", "{FFBDCC1E-EFE8-4930-B015-DE2FDF4E96CD}"
EndProject
Global
	GlobalSection(SolutionConfigurationPlatforms) = preSolution
		Debug|Any CPU = Debug|Any CPU
		Release|Any CPU = Release|Any CPU
	EndGlobalSection
	GlobalSection(ProjectConfigurationPlatforms) = postSolution
		{FFBDCC1E-EFE8-4930-B015-DE2FDF4E96CD}.Debug|Any CPU.ActiveCfg = Debug|Any CPU
		{FFBDCC1E-EFE8-4930-B015-DE2FDF4E96CD}.Debug|Any CPU.Build.0 = Debug|Any CPU
		{FFBDCC1E-EFE8-4930-B015-DE2FDF4E96CD}.Release|Any CPU.ActiveCfg = Release|Any CPU
		{FFBDCC1E-EFE8-4930-B015-DE2FDF4E96CD}.Release|Any CPU.Build.0 = Release|Any CPU
	EndGlobalSection
	GlobalSection(SolutionProperties) = preSolution
		HideSolutionNode = FALSE
	EndGlobalSection
	GlobalSection(ExtensibilityGlobals) = postSolution
		SolutionGuid = {E909BA8B-D10E-4107-A0DC-C19B792009A9}
	EndGlobalSection
EndGlobal
